
Microsoft Visual Studio Solution File, Format Version 12.00
# Visual Studio Version 17
VisualStudioVersion = 17.0.31611.283
MinimumVisualStudioVersion = 10.0.40219.1
Project("{9A19103F-16F7-4668-BE54-9A1E7A4F7556}") = "OneFoundationAppMaui", "OneFoundationAppMaui.csproj", "{100A6780-E76E-47BC-B3E4-5D6492EB3A44}"
EndProject
Project("{9A19103F-16F7-4668-BE54-9A1E7A4F7556}") = "OneFoundationAppMaui.Api-v2", "..\OneFoundationAppMaui.Api-v2\OneFoundationAppMaui.Api-v2.csproj", "{6C794FEA-BA09-486A-B59D-CE2942D61CB3}"
EndProject
Project("{FAE04EC0-301F-11D3-BF4B-00C04F79EFBC}") = "OneFoundationApp.Api", "..\OneFoundationApp.Api\OneFoundationApp.Api.csproj", "{05CA1829-4A7C-425E-A937-7C1DB621A2C1}"
EndProject
Global
	GlobalSection(SolutionConfigurationPlatforms) = preSolution
		Debug|Any CPU = Debug|Any CPU
		Release|Any CPU = Release|Any CPU
	EndGlobalSection
	GlobalSection(ProjectConfigurationPlatforms) = postSolution
		{100A6780-E76E-47BC-B3E4-5D6492EB3A44}.Debug|Any CPU.ActiveCfg = Debug|Any CPU
		{100A6780-E76E-47BC-B3E4-5D6492EB3A44}.Debug|Any CPU.Build.0 = Debug|Any CPU
		{100A6780-E76E-47BC-B3E4-5D6492EB3A44}.Debug|Any CPU.Deploy.0 = Debug|Any CPU
		{100A6780-E76E-47BC-B3E4-5D6492EB3A44}.Release|Any CPU.ActiveCfg = Release|Any CPU
		{100A6780-E76E-47BC-B3E4-5D6492EB3A44}.Release|Any CPU.Build.0 = Release|Any CPU
		{100A6780-E76E-47BC-B3E4-5D6492EB3A44}.Release|Any CPU.Deploy.0 = Release|Any CPU
		{6C794FEA-BA09-486A-B59D-CE2942D61CB3}.Debug|Any CPU.ActiveCfg = Debug|Any CPU
		{6C794FEA-BA09-486A-B59D-CE2942D61CB3}.Debug|Any CPU.Build.0 = Debug|Any CPU
		{6C794FEA-BA09-486A-B59D-CE2942D61CB3}.Release|Any CPU.ActiveCfg = Release|Any CPU
		{6C794FEA-BA09-486A-B59D-CE2942D61CB3}.Release|Any CPU.Build.0 = Release|Any CPU
		{05CA1829-4A7C-425E-A937-7C1DB621A2C1}.Debug|Any CPU.ActiveCfg = Debug|Any CPU
		{05CA1829-4A7C-425E-A937-7C1DB621A2C1}.Debug|Any CPU.Build.0 = Debug|Any CPU
		{05CA1829-4A7C-425E-A937-7C1DB621A2C1}.Release|Any CPU.ActiveCfg = Release|Any CPU
		{05CA1829-4A7C-425E-A937-7C1DB621A2C1}.Release|Any CPU.Build.0 = Release|Any CPU
	EndGlobalSection
	GlobalSection(SolutionProperties) = preSolution
		HideSolutionNode = FALSE
	EndGlobalSection
	GlobalSection(ExtensibilityGlobals) = postSolution
		SolutionGuid = {61F7FB11-1E47-470C-91E2-47F8143E1572}
	EndGlobalSection
EndGlobal
